// !$*UTF8*$!
{
	archiveVersion = 1;
	classes = {
	};
	objectVersion = 52;
	objects = {

/* Begin PBXBuildFile section */
		1B023CA5260890C8001ADBC8 /* MyRecipeView.swift in Sources */ = {isa = PBXBuildFile; fileRef = 1B023CA4260890C8001ADBC8 /* MyRecipeView.swift */; };
		1B023CA8260895BC001ADBC8 /* MyRecipeDetailView.swift in Sources */ = {isa = PBXBuildFile; fileRef = 1B023CA7260895BC001ADBC8 /* MyRecipeDetailView.swift */; };
		1B023CAB260899D8001ADBC8 /* EditRecipeView.swift in Sources */ = {isa = PBXBuildFile; fileRef = 1B023CAA260899D8001ADBC8 /* EditRecipeView.swift */; };
		1B06F4032611F222003A9FFB /* NutritionRow.swift in Sources */ = {isa = PBXBuildFile; fileRef = 1B06F4022611F222003A9FFB /* NutritionRow.swift */; };
		1B06F4062611F62A003A9FFB /* NutritionList.swift in Sources */ = {isa = PBXBuildFile; fileRef = 1B06F4052611F62A003A9FFB /* NutritionList.swift */; };
		1B0AAD032602145F0096F8A8 /* TabPage.swift in Sources */ = {isa = PBXBuildFile; fileRef = 1B0AAD022602145F0096F8A8 /* TabPage.swift */; };
		1B0F4F5F25EF7D8000BE11E4 /* SearchBarImage.swift in Sources */ = {isa = PBXBuildFile; fileRef = 1B0F4F5E25EF7D8000BE11E4 /* SearchBarImage.swift */; };
		1B0F4F6325EF89CA00BE11E4 /* RemoveItem.swift in Sources */ = {isa = PBXBuildFile; fileRef = 1B0F4F6225EF89CA00BE11E4 /* RemoveItem.swift */; };
		1B0F4F6825EF966E00BE11E4 /* AddShoppingListButton.swift in Sources */ = {isa = PBXBuildFile; fileRef = 1B0F4F6725EF966E00BE11E4 /* AddShoppingListButton.swift */; };
		1B17AD982604CBDB00A72CE8 /* CookingModeButton.swift in Sources */ = {isa = PBXBuildFile; fileRef = 1B17AD972604CBDB00A72CE8 /* CookingModeButton.swift */; };
		1B2C76E426034EC000C20322 /* SlidingTabView in Frameworks */ = {isa = PBXBuildFile; productRef = 1B2C76E326034EC000C20322 /* SlidingTabView */; };
		1B2C76E726034EEE00C20322 /* SlidingTabView.swift in Sources */ = {isa = PBXBuildFile; fileRef = 1B2C76E626034EEE00C20322 /* SlidingTabView.swift */; };
		1B39933A25E51E2300131E5D /* shoppinglistData.json in Resources */ = {isa = PBXBuildFile; fileRef = 1B39933925E51E2300131E5D /* shoppinglistData.json */; };
		1B39933D25E51E3700131E5D /* ShoppingList.swift in Sources */ = {isa = PBXBuildFile; fileRef = 1B39933C25E51E3700131E5D /* ShoppingList.swift */; };
		1B39934025E520BD00131E5D /* ShopList.swift in Sources */ = {isa = PBXBuildFile; fileRef = 1B39933F25E520BD00131E5D /* ShopList.swift */; };
		1B508D5825DD300C004AC0DC /* recipesData.json in Resources */ = {isa = PBXBuildFile; fileRef = 1B508D5725DD300C004AC0DC /* recipesData.json */; };
		1B508D5B25DD7126004AC0DC /* RecipeList.swift in Sources */ = {isa = PBXBuildFile; fileRef = 1B508D5A25DD7126004AC0DC /* RecipeList.swift */; };
		1B508D5E25DD76F1004AC0DC /* RecipeDetails.swift in Sources */ = {isa = PBXBuildFile; fileRef = 1B508D5D25DD76F1004AC0DC /* RecipeDetails.swift */; };
		1B5140952608B86D006A6495 /* MyRecipeData.swift in Sources */ = {isa = PBXBuildFile; fileRef = 1B5140942608B86D006A6495 /* MyRecipeData.swift */; };
		1B60076725E7AC9F002FC60D /* CookingMode.swift in Sources */ = {isa = PBXBuildFile; fileRef = 1B60076625E7AC9F002FC60D /* CookingMode.swift */; };
		1B60076E25E7D7B6002FC60D /* RecipeMethod.swift in Sources */ = {isa = PBXBuildFile; fileRef = 1B60076D25E7D7B6002FC60D /* RecipeMethod.swift */; };
		1B60077325E7EE89002FC60D /* MethodImage.swift in Sources */ = {isa = PBXBuildFile; fileRef = 1B60077225E7EE89002FC60D /* MethodImage.swift */; };
		1B6EFE812609F93600D2ED98 /* TestView.swift in Sources */ = {isa = PBXBuildFile; fileRef = 1B6EFE802609F93600D2ED98 /* TestView.swift */; };
		1B7082742600AF010017B7BA /* DictionaryView.swift in Sources */ = {isa = PBXBuildFile; fileRef = 1B7082732600AF010017B7BA /* DictionaryView.swift */; };
		1B73DA4825E3FD2300E5FDAC /* ShoppingRow.swift in Sources */ = {isa = PBXBuildFile; fileRef = 1B73DA4725E3FD2300E5FDAC /* ShoppingRow.swift */; };
		1B73F4B025DDA7F1008E450C /* SaveButton.swift in Sources */ = {isa = PBXBuildFile; fileRef = 1B73F4AF25DDA7F1008E450C /* SaveButton.swift */; };
		1B74046225DEB49B00D37EDA /* CategoryHome.swift in Sources */ = {isa = PBXBuildFile; fileRef = 1B74046125DEB49B00D37EDA /* CategoryHome.swift */; };
		1B74046625DEB6CE00D37EDA /* CategoryRow.swift in Sources */ = {isa = PBXBuildFile; fileRef = 1B74046525DEB6CE00D37EDA /* CategoryRow.swift */; };
		1B74046925DEB86700D37EDA /* CategoryItem.swift in Sources */ = {isa = PBXBuildFile; fileRef = 1B74046825DEB86700D37EDA /* CategoryItem.swift */; };
		1B74046D25DEC12100D37EDA /* iPages in Frameworks */ = {isa = PBXBuildFile; productRef = 1B74046C25DEC12100D37EDA /* iPages */; };
		1B74047025DEC25900D37EDA /* RecipeIngredients.swift in Sources */ = {isa = PBXBuildFile; fileRef = 1B74046F25DEC25900D37EDA /* RecipeIngredients.swift */; };
		1B74047725DEE5B300D37EDA /* Checkbox.swift in Sources */ = {isa = PBXBuildFile; fileRef = 1B74047625DEE5B300D37EDA /* Checkbox.swift */; };
		1B7B86492608821200B620FA /* MyRecipeModel.swift in Sources */ = {isa = PBXBuildFile; fileRef = 1B7B86482608821200B620FA /* MyRecipeModel.swift */; };
		1B7B864C260886E800B620FA /* MyRecipeCard.swift in Sources */ = {isa = PBXBuildFile; fileRef = 1B7B864B260886E800B620FA /* MyRecipeCard.swift */; };
		1B7BD0F925DBEFD10019FDA9 /* simplecookApp.swift in Sources */ = {isa = PBXBuildFile; fileRef = 1B7BD0F825DBEFD10019FDA9 /* simplecookApp.swift */; };
		1B7BD0FB25DBEFD10019FDA9 /* ContentView.swift in Sources */ = {isa = PBXBuildFile; fileRef = 1B7BD0FA25DBEFD10019FDA9 /* ContentView.swift */; };
		1B7BD0FD25DBEFD30019FDA9 /* Assets.xcassets in Resources */ = {isa = PBXBuildFile; fileRef = 1B7BD0FC25DBEFD30019FDA9 /* Assets.xcassets */; };
		1B7BD10025DBEFD30019FDA9 /* Preview Assets.xcassets in Resources */ = {isa = PBXBuildFile; fileRef = 1B7BD0FF25DBEFD30019FDA9 /* Preview Assets.xcassets */; };
		1B7BD11225DD1CDB0019FDA9 /* ModelData.swift in Sources */ = {isa = PBXBuildFile; fileRef = 1B7BD11125DD1CDB0019FDA9 /* ModelData.swift */; };
		1B91494625DD297300B01F2B /* RecipeRow.swift in Sources */ = {isa = PBXBuildFile; fileRef = 1B91494525DD297300B01F2B /* RecipeRow.swift */; };
		1B91495025DD2E5C00B01F2B /* Recipe.swift in Sources */ = {isa = PBXBuildFile; fileRef = 1B91494F25DD2E5C00B01F2B /* Recipe.swift */; };
		1BA4D0FE25DFFEB800E926F3 /* CookingButton.swift in Sources */ = {isa = PBXBuildFile; fileRef = 1BA4D0FD25DFFEB800E926F3 /* CookingButton.swift */; };
		1BA4D10125E013D400E926F3 /* Search.swift in Sources */ = {isa = PBXBuildFile; fileRef = 1BA4D10025E013D400E926F3 /* Search.swift */; };
		1BA4D10825E0182300E926F3 /* SearchBar.swift in Sources */ = {isa = PBXBuildFile; fileRef = 1BA4D10725E0182300E926F3 /* SearchBar.swift */; };
		1BA5E9F925EE6961003B23E4 /* CookingModeImage.swift in Sources */ = {isa = PBXBuildFile; fileRef = 1BA5E9F825EE6961003B23E4 /* CookingModeImage.swift */; };
		1BB2E0652604A5DB0074A4AB /* IngredientStepper.swift in Sources */ = {isa = PBXBuildFile; fileRef = 1BB2E0642604A5DB0074A4AB /* IngredientStepper.swift */; };
		1BCDF1E225FBB54200E922F1 /* Dict.swift in Sources */ = {isa = PBXBuildFile; fileRef = 1BCDF1E125FBB54200E922F1 /* Dict.swift */; };
		1BD347742600B5B900C764A5 /* dictData.json in Resources */ = {isa = PBXBuildFile; fileRef = 1BD347732600B5B900C764A5 /* dictData.json */; };
		1BD528F925F687CA00E724E5 /* MyRecipes.swift in Sources */ = {isa = PBXBuildFile; fileRef = 1BD528F825F687CA00E724E5 /* MyRecipes.swift */; };
		1BD528FC25F68C0000E724E5 /* MyRecipesData.json in Resources */ = {isa = PBXBuildFile; fileRef = 1BD528FB25F68BFF00E724E5 /* MyRecipesData.json */; };
		1BD5290225F68FDD00E724E5 /* AddRecipe.swift in Sources */ = {isa = PBXBuildFile; fileRef = 1BD5290125F68FDD00E724E5 /* AddRecipe.swift */; };
		1BD5290525F6917900E724E5 /* UploadImage.swift in Sources */ = {isa = PBXBuildFile; fileRef = 1BD5290425F6917900E724E5 /* UploadImage.swift */; };
		1BD5290925F691FE00E724E5 /* AddRecipeButton.swift in Sources */ = {isa = PBXBuildFile; fileRef = 1BD5290825F691FE00E724E5 /* AddRecipeButton.swift */; };
		1BD5290C25F6936500E724E5 /* ImagePicker.swift in Sources */ = {isa = PBXBuildFile; fileRef = 1BD5290B25F6936500E724E5 /* ImagePicker.swift */; };
		1BEADF2D260CBEC7000EDAE5 /* ViewController.swift in Sources */ = {isa = PBXBuildFile; fileRef = 1BEADF2C260CBEC7000EDAE5 /* ViewController.swift */; };
		1BEBDC4925FA346B00F43948 /* CustomMethod.swift in Sources */ = {isa = PBXBuildFile; fileRef = 1BEBDC4825FA346B00F43948 /* CustomMethod.swift */; };
		1BF2880325E650CF005A992F /* ShoppingImage.swift in Sources */ = {isa = PBXBuildFile; fileRef = 1BF2880225E650CF005A992F /* ShoppingImage.swift */; };
		1BF2880725E66321005A992F /* CheckList.swift in Sources */ = {isa = PBXBuildFile; fileRef = 1BF2880625E66321005A992F /* CheckList.swift */; };
		1BF2880A25E66E92005A992F /* CheckBox.swift in Sources */ = {isa = PBXBuildFile; fileRef = 1BF2880925E66E92005A992F /* CheckBox.swift */; };
		1BFABB4626148D7400554E4F /* NutritionView.swift in Sources */ = {isa = PBXBuildFile; fileRef = 1BFABB4526148D7400554E4F /* NutritionView.swift */; };
/* End PBXBuildFile section */

/* Begin PBXFileReference section */
		1B023CA4260890C8001ADBC8 /* MyRecipeView.swift */ = {isa = PBXFileReference; lastKnownFileType = sourcecode.swift; path = MyRecipeView.swift; sourceTree = "<group>"; };
		1B023CA7260895BC001ADBC8 /* MyRecipeDetailView.swift */ = {isa = PBXFileReference; lastKnownFileType = sourcecode.swift; path = MyRecipeDetailView.swift; sourceTree = "<group>"; };
		1B023CAA260899D8001ADBC8 /* EditRecipeView.swift */ = {isa = PBXFileReference; lastKnownFileType = sourcecode.swift; path = EditRecipeView.swift; sourceTree = "<group>"; };
		1B06F4022611F222003A9FFB /* NutritionRow.swift */ = {isa = PBXFileReference; lastKnownFileType = sourcecode.swift; path = NutritionRow.swift; sourceTree = "<group>"; };
		1B06F4052611F62A003A9FFB /* NutritionList.swift */ = {isa = PBXFileReference; lastKnownFileType = sourcecode.swift; path = NutritionList.swift; sourceTree = "<group>"; };
		1B0AAD022602145F0096F8A8 /* TabPage.swift */ = {isa = PBXFileReference; lastKnownFileType = sourcecode.swift; path = TabPage.swift; sourceTree = "<group>"; };
		1B0F4F5E25EF7D8000BE11E4 /* SearchBarImage.swift */ = {isa = PBXFileReference; lastKnownFileType = sourcecode.swift; path = SearchBarImage.swift; sourceTree = "<group>"; };
		1B0F4F6225EF89CA00BE11E4 /* RemoveItem.swift */ = {isa = PBXFileReference; lastKnownFileType = sourcecode.swift; path = RemoveItem.swift; sourceTree = "<group>"; };
		1B0F4F6725EF966E00BE11E4 /* AddShoppingListButton.swift */ = {isa = PBXFileReference; lastKnownFileType = sourcecode.swift; path = AddShoppingListButton.swift; sourceTree = "<group>"; };
		1B17AD972604CBDB00A72CE8 /* CookingModeButton.swift */ = {isa = PBXFileReference; lastKnownFileType = sourcecode.swift; path = CookingModeButton.swift; sourceTree = "<group>"; };
		1B2C76E626034EEE00C20322 /* SlidingTabView.swift */ = {isa = PBXFileReference; lastKnownFileType = sourcecode.swift; path = SlidingTabView.swift; sourceTree = "<group>"; };
		1B39933925E51E2300131E5D /* shoppinglistData.json */ = {isa = PBXFileReference; fileEncoding = 4; lastKnownFileType = text.json; path = shoppinglistData.json; sourceTree = "<group>"; };
		1B39933C25E51E3700131E5D /* ShoppingList.swift */ = {isa = PBXFileReference; lastKnownFileType = sourcecode.swift; path = ShoppingList.swift; sourceTree = "<group>"; };
		1B39933F25E520BD00131E5D /* ShopList.swift */ = {isa = PBXFileReference; lastKnownFileType = sourcecode.swift; path = ShopList.swift; sourceTree = "<group>"; };
		1B508D5725DD300C004AC0DC /* recipesData.json */ = {isa = PBXFileReference; fileEncoding = 4; lastKnownFileType = text.json; path = recipesData.json; sourceTree = "<group>"; };
		1B508D5A25DD7126004AC0DC /* RecipeList.swift */ = {isa = PBXFileReference; lastKnownFileType = sourcecode.swift; path = RecipeList.swift; sourceTree = "<group>"; };
		1B508D5D25DD76F1004AC0DC /* RecipeDetails.swift */ = {isa = PBXFileReference; lastKnownFileType = sourcecode.swift; path = RecipeDetails.swift; sourceTree = "<group>"; };
		1B5140942608B86D006A6495 /* MyRecipeData.swift */ = {isa = PBXFileReference; lastKnownFileType = sourcecode.swift; path = MyRecipeData.swift; sourceTree = "<group>"; };
		1B60076625E7AC9F002FC60D /* CookingMode.swift */ = {isa = PBXFileReference; lastKnownFileType = sourcecode.swift; path = CookingMode.swift; sourceTree = "<group>"; };
		1B60076D25E7D7B6002FC60D /* RecipeMethod.swift */ = {isa = PBXFileReference; lastKnownFileType = sourcecode.swift; path = RecipeMethod.swift; sourceTree = "<group>"; };
		1B60077225E7EE89002FC60D /* MethodImage.swift */ = {isa = PBXFileReference; lastKnownFileType = sourcecode.swift; path = MethodImage.swift; sourceTree = "<group>"; };
		1B6EFE802609F93600D2ED98 /* TestView.swift */ = {isa = PBXFileReference; lastKnownFileType = sourcecode.swift; path = TestView.swift; sourceTree = "<group>"; };
		1B7082732600AF010017B7BA /* DictionaryView.swift */ = {isa = PBXFileReference; lastKnownFileType = sourcecode.swift; path = DictionaryView.swift; sourceTree = "<group>"; };
		1B73DA4725E3FD2300E5FDAC /* ShoppingRow.swift */ = {isa = PBXFileReference; lastKnownFileType = sourcecode.swift; path = ShoppingRow.swift; sourceTree = "<group>"; };
		1B73F4AF25DDA7F1008E450C /* SaveButton.swift */ = {isa = PBXFileReference; lastKnownFileType = sourcecode.swift; path = SaveButton.swift; sourceTree = "<group>"; };
		1B74046125DEB49B00D37EDA /* CategoryHome.swift */ = {isa = PBXFileReference; lastKnownFileType = sourcecode.swift; path = CategoryHome.swift; sourceTree = "<group>"; };
		1B74046525DEB6CE00D37EDA /* CategoryRow.swift */ = {isa = PBXFileReference; lastKnownFileType = sourcecode.swift; path = CategoryRow.swift; sourceTree = "<group>"; };
		1B74046825DEB86700D37EDA /* CategoryItem.swift */ = {isa = PBXFileReference; lastKnownFileType = sourcecode.swift; path = CategoryItem.swift; sourceTree = "<group>"; };
		1B74046F25DEC25900D37EDA /* RecipeIngredients.swift */ = {isa = PBXFileReference; lastKnownFileType = sourcecode.swift; path = RecipeIngredients.swift; sourceTree = "<group>"; };
		1B74047625DEE5B300D37EDA /* Checkbox.swift */ = {isa = PBXFileReference; lastKnownFileType = sourcecode.swift; path = Checkbox.swift; sourceTree = "<group>"; };
		1B7B86482608821200B620FA /* MyRecipeModel.swift */ = {isa = PBXFileReference; lastKnownFileType = sourcecode.swift; path = MyRecipeModel.swift; sourceTree = "<group>"; };
		1B7B864B260886E800B620FA /* MyRecipeCard.swift */ = {isa = PBXFileReference; lastKnownFileType = sourcecode.swift; path = MyRecipeCard.swift; sourceTree = "<group>"; };
		1B7BD0F525DBEFD10019FDA9 /* simplecook.app */ = {isa = PBXFileReference; explicitFileType = wrapper.application; includeInIndex = 0; path = simplecook.app; sourceTree = BUILT_PRODUCTS_DIR; };
		1B7BD0F825DBEFD10019FDA9 /* simplecookApp.swift */ = {isa = PBXFileReference; lastKnownFileType = sourcecode.swift; path = simplecookApp.swift; sourceTree = "<group>"; };
		1B7BD0FA25DBEFD10019FDA9 /* ContentView.swift */ = {isa = PBXFileReference; lastKnownFileType = sourcecode.swift; path = ContentView.swift; sourceTree = "<group>"; };
		1B7BD0FC25DBEFD30019FDA9 /* Assets.xcassets */ = {isa = PBXFileReference; lastKnownFileType = folder.assetcatalog; path = Assets.xcassets; sourceTree = "<group>"; };
		1B7BD0FF25DBEFD30019FDA9 /* Preview Assets.xcassets */ = {isa = PBXFileReference; lastKnownFileType = folder.assetcatalog; path = "Preview Assets.xcassets"; sourceTree = "<group>"; };
		1B7BD10125DBEFD30019FDA9 /* Info.plist */ = {isa = PBXFileReference; lastKnownFileType = text.plist.xml; path = Info.plist; sourceTree = "<group>"; };
		1B7BD11125DD1CDB0019FDA9 /* ModelData.swift */ = {isa = PBXFileReference; lastKnownFileType = sourcecode.swift; path = ModelData.swift; sourceTree = "<group>"; };
		1B91494525DD297300B01F2B /* RecipeRow.swift */ = {isa = PBXFileReference; lastKnownFileType = sourcecode.swift; path = RecipeRow.swift; sourceTree = "<group>"; };
		1B91494F25DD2E5C00B01F2B /* Recipe.swift */ = {isa = PBXFileReference; lastKnownFileType = sourcecode.swift; path = Recipe.swift; sourceTree = "<group>"; };
		1BA4D0FD25DFFEB800E926F3 /* CookingButton.swift */ = {isa = PBXFileReference; lastKnownFileType = sourcecode.swift; path = CookingButton.swift; sourceTree = "<group>"; };
		1BA4D10025E013D400E926F3 /* Search.swift */ = {isa = PBXFileReference; lastKnownFileType = sourcecode.swift; path = Search.swift; sourceTree = "<group>"; };
		1BA4D10725E0182300E926F3 /* SearchBar.swift */ = {isa = PBXFileReference; lastKnownFileType = sourcecode.swift; path = SearchBar.swift; sourceTree = "<group>"; };
		1BA5E9F825EE6961003B23E4 /* CookingModeImage.swift */ = {isa = PBXFileReference; lastKnownFileType = sourcecode.swift; path = CookingModeImage.swift; sourceTree = "<group>"; };
		1BB2E0642604A5DB0074A4AB /* IngredientStepper.swift */ = {isa = PBXFileReference; lastKnownFileType = sourcecode.swift; path = IngredientStepper.swift; sourceTree = "<group>"; };
		1BCDF1E125FBB54200E922F1 /* Dict.swift */ = {isa = PBXFileReference; lastKnownFileType = sourcecode.swift; path = Dict.swift; sourceTree = "<group>"; };
		1BD347732600B5B900C764A5 /* dictData.json */ = {isa = PBXFileReference; fileEncoding = 4; lastKnownFileType = text.json; path = dictData.json; sourceTree = "<group>"; };
		1BD528F825F687CA00E724E5 /* MyRecipes.swift */ = {isa = PBXFileReference; lastKnownFileType = sourcecode.swift; path = MyRecipes.swift; sourceTree = "<group>"; };
		1BD528FB25F68BFF00E724E5 /* MyRecipesData.json */ = {isa = PBXFileReference; fileEncoding = 4; lastKnownFileType = text.json; path = MyRecipesData.json; sourceTree = "<group>"; };
		1BD5290125F68FDD00E724E5 /* AddRecipe.swift */ = {isa = PBXFileReference; lastKnownFileType = sourcecode.swift; path = AddRecipe.swift; sourceTree = "<group>"; };
		1BD5290425F6917900E724E5 /* UploadImage.swift */ = {isa = PBXFileReference; lastKnownFileType = sourcecode.swift; path = UploadImage.swift; sourceTree = "<group>"; };
		1BD5290825F691FE00E724E5 /* AddRecipeButton.swift */ = {isa = PBXFileReference; lastKnownFileType = sourcecode.swift; path = AddRecipeButton.swift; sourceTree = "<group>"; };
		1BD5290B25F6936500E724E5 /* ImagePicker.swift */ = {isa = PBXFileReference; lastKnownFileType = sourcecode.swift; path = ImagePicker.swift; sourceTree = "<group>"; };
		1BEADF2C260CBEC7000EDAE5 /* ViewController.swift */ = {isa = PBXFileReference; lastKnownFileType = sourcecode.swift; path = ViewController.swift; sourceTree = "<group>"; };
		1BEBDC4825FA346B00F43948 /* CustomMethod.swift */ = {isa = PBXFileReference; lastKnownFileType = sourcecode.swift; path = CustomMethod.swift; sourceTree = "<group>"; };
		1BF2880225E650CF005A992F /* ShoppingImage.swift */ = {isa = PBXFileReference; lastKnownFileType = sourcecode.swift; path = ShoppingImage.swift; sourceTree = "<group>"; };
		1BF2880625E66321005A992F /* CheckList.swift */ = {isa = PBXFileReference; lastKnownFileType = sourcecode.swift; path = CheckList.swift; sourceTree = "<group>"; };
		1BF2880925E66E92005A992F /* CheckBox.swift */ = {isa = PBXFileReference; lastKnownFileType = sourcecode.swift; path = CheckBox.swift; sourceTree = "<group>"; };
		1BFABB4526148D7400554E4F /* NutritionView.swift */ = {isa = PBXFileReference; lastKnownFileType = sourcecode.swift; path = NutritionView.swift; sourceTree = "<group>"; };
/* End PBXFileReference section */

/* Begin PBXFrameworksBuildPhase section */
		1B7BD0F225DBEFD10019FDA9 /* Frameworks */ = {
			isa = PBXFrameworksBuildPhase;
			buildActionMask = 2147483647;
			files = (
				1B2C76E426034EC000C20322 /* SlidingTabView in Frameworks */,
				1B74046D25DEC12100D37EDA /* iPages in Frameworks */,
			);
			runOnlyForDeploymentPostprocessing = 0;
		};
/* End PBXFrameworksBuildPhase section */

/* Begin PBXGroup section */
		1B06F4002611F16C003A9FFB /* Nutrition */ = {
			isa = PBXGroup;
			children = (
				1B6EFE802609F93600D2ED98 /* TestView.swift */,
				1B06F4052611F62A003A9FFB /* NutritionList.swift */,
				1B06F4022611F222003A9FFB /* NutritionRow.swift */,
				1BFABB4526148D7400554E4F /* NutritionView.swift */,
			);
			path = Nutrition;
			sourceTree = "<group>";
		};
		1B0F4F5C25EF742600BE11E4 /* Search */ = {
			isa = PBXGroup;
			children = (
				1BA4D10025E013D400E926F3 /* Search.swift */,
				1BA4D10725E0182300E926F3 /* SearchBar.swift */,
				1B0F4F5E25EF7D8000BE11E4 /* SearchBarImage.swift */,
				1B91494525DD297300B01F2B /* RecipeRow.swift */,
			);
			path = Search;
			sourceTree = "<group>";
		};
		1B73DA4625E3FD0B00E5FDAC /* ShoppingList */ = {
			isa = PBXGroup;
			children = (
				1B39933F25E520BD00131E5D /* ShopList.swift */,
				1B73DA4725E3FD2300E5FDAC /* ShoppingRow.swift */,
				1BF2880625E66321005A992F /* CheckList.swift */,
				1BF2880225E650CF005A992F /* ShoppingImage.swift */,
				1BF2880925E66E92005A992F /* CheckBox.swift */,
				1B0F4F6225EF89CA00BE11E4 /* RemoveItem.swift */,
			);
			path = ShoppingList;
			sourceTree = "<group>";
		};
		1B73F4B225DDA8EF008E450C /* Helpers */ = {
			isa = PBXGroup;
			children = (
				1B17AD972604CBDB00A72CE8 /* CookingModeButton.swift */,
				1B0F4F6725EF966E00BE11E4 /* AddShoppingListButton.swift */,
				1B73F4AF25DDA7F1008E450C /* SaveButton.swift */,
				1B60077225E7EE89002FC60D /* MethodImage.swift */,
				1BA5E9F825EE6961003B23E4 /* CookingModeImage.swift */,
				1B74047625DEE5B300D37EDA /* Checkbox.swift */,
				1BA4D0FD25DFFEB800E926F3 /* CookingButton.swift */,
				1BD5290425F6917900E724E5 /* UploadImage.swift */,
				1BD5290B25F6936500E724E5 /* ImagePicker.swift */,
				1BD5290825F691FE00E724E5 /* AddRecipeButton.swift */,
				1B0AAD022602145F0096F8A8 /* TabPage.swift */,
				1B2C76E626034EEE00C20322 /* SlidingTabView.swift */,
				1BB2E0642604A5DB0074A4AB /* IngredientStepper.swift */,
			);
			path = Helpers;
			sourceTree = "<group>";
		};
		1B73F4B325DDA90C008E450C /* Recipes */ = {
			isa = PBXGroup;
			children = (
				1B508D5A25DD7126004AC0DC /* RecipeList.swift */,
				1B508D5D25DD76F1004AC0DC /* RecipeDetails.swift */,
				1B74046F25DEC25900D37EDA /* RecipeIngredients.swift */,
				1B60076D25E7D7B6002FC60D /* RecipeMethod.swift */,
				1BEBDC4825FA346B00F43948 /* CustomMethod.swift */,
			);
			path = Recipes;
			sourceTree = "<group>";
		};
		1B74046025DEB48300D37EDA /* Category */ = {
			isa = PBXGroup;
			children = (
				1B74046125DEB49B00D37EDA /* CategoryHome.swift */,
				1B74046525DEB6CE00D37EDA /* CategoryRow.swift */,
				1B74046825DEB86700D37EDA /* CategoryItem.swift */,
			);
			path = Category;
			sourceTree = "<group>";
		};
		1B7BD0EC25DBEFD10019FDA9 = {
			isa = PBXGroup;
			children = (
				1B7BD0F725DBEFD10019FDA9 /* simplecook */,
				1B7BD0F625DBEFD10019FDA9 /* Products */,
			);
			sourceTree = "<group>";
		};
		1B7BD0F625DBEFD10019FDA9 /* Products */ = {
			isa = PBXGroup;
			children = (
				1B7BD0F525DBEFD10019FDA9 /* simplecook.app */,
			);
			name = Products;
			sourceTree = "<group>";
		};
		1B7BD0F725DBEFD10019FDA9 /* simplecook */ = {
			isa = PBXGroup;
			children = (
				1B7BD0F825DBEFD10019FDA9 /* simplecookApp.swift */,
				1B7BD11525DD1DB70019FDA9 /* Model */,
				1B7BD11425DD1D970019FDA9 /* Views */,
				1B7BD11625DD1DCD0019FDA9 /* Resources */,
				1B7BD0FC25DBEFD30019FDA9 /* Assets.xcassets */,
				1B7BD10125DBEFD30019FDA9 /* Info.plist */,
				1B7BD0FE25DBEFD30019FDA9 /* Preview Content */,
			);
			path = simplecook;
			sourceTree = "<group>";
		};
		1B7BD0FE25DBEFD30019FDA9 /* Preview Content */ = {
			isa = PBXGroup;
			children = (
				1B7BD0FF25DBEFD30019FDA9 /* Preview Assets.xcassets */,
			);
			path = "Preview Content";
			sourceTree = "<group>";
		};
		1B7BD11425DD1D970019FDA9 /* Views */ = {
			isa = PBXGroup;
			children = (
				1B06F4002611F16C003A9FFB /* Nutrition */,
				1BEADF2B260CBEA6000EDAE5 /* Microphone */,
				1BEADF28260CAC07000EDAE5 /* CookingMode */,
				1BDEEFC325FB696C00D185FD /* Dictionary */,
				1BD528F725F687B400E724E5 /* MyRecipes */,
				1B0F4F5C25EF742600BE11E4 /* Search */,
				1B73DA4625E3FD0B00E5FDAC /* ShoppingList */,
				1B74046025DEB48300D37EDA /* Category */,
				1B73F4B325DDA90C008E450C /* Recipes */,
				1B73F4B225DDA8EF008E450C /* Helpers */,
			);
			path = Views;
			sourceTree = "<group>";
		};
		1B7BD11525DD1DB70019FDA9 /* Model */ = {
			isa = PBXGroup;
			children = (
				1B5140942608B86D006A6495 /* MyRecipeData.swift */,
				1B7BD11125DD1CDB0019FDA9 /* ModelData.swift */,
				1B7B86482608821200B620FA /* MyRecipeModel.swift */,
				1BCDF1E125FBB54200E922F1 /* Dict.swift */,
				1B91494F25DD2E5C00B01F2B /* Recipe.swift */,
				1B7BD0FA25DBEFD10019FDA9 /* ContentView.swift */,
				1B39933C25E51E3700131E5D /* ShoppingList.swift */,
			);
			path = Model;
			sourceTree = "<group>";
		};
		1B7BD11625DD1DCD0019FDA9 /* Resources */ = {
			isa = PBXGroup;
			children = (
				1BD347732600B5B900C764A5 /* dictData.json */,
				1BD528FB25F68BFF00E724E5 /* MyRecipesData.json */,
				1B39933925E51E2300131E5D /* shoppinglistData.json */,
				1B508D5725DD300C004AC0DC /* recipesData.json */,
			);
			path = Resources;
			sourceTree = "<group>";
		};
		1BD528F725F687B400E724E5 /* MyRecipes */ = {
			isa = PBXGroup;
			children = (
				1B023CAA260899D8001ADBC8 /* EditRecipeView.swift */,
				1B023CA7260895BC001ADBC8 /* MyRecipeDetailView.swift */,
				1B023CA4260890C8001ADBC8 /* MyRecipeView.swift */,
				1B7B864B260886E800B620FA /* MyRecipeCard.swift */,
				1BD5290125F68FDD00E724E5 /* AddRecipe.swift */,
				1BD528F825F687CA00E724E5 /* MyRecipes.swift */,
			);
			path = MyRecipes;
			sourceTree = "<group>";
		};
		1BDEEFC325FB696C00D185FD /* Dictionary */ = {
			isa = PBXGroup;
			children = (
				1B7082732600AF010017B7BA /* DictionaryView.swift */,
			);
			path = Dictionary;
			sourceTree = "<group>";
		};
		1BEADF28260CAC07000EDAE5 /* CookingMode */ = {
			isa = PBXGroup;
			children = (
				1B60076625E7AC9F002FC60D /* CookingMode.swift */,
			);
			path = CookingMode;
			sourceTree = "<group>";
		};
		1BEADF2B260CBEA6000EDAE5 /* Microphone */ = {
			isa = PBXGroup;
			children = (
				1BEADF2C260CBEC7000EDAE5 /* ViewController.swift */,
			);
			path = Microphone;
			sourceTree = "<group>";
		};
/* End PBXGroup section */

/* Begin PBXNativeTarget section */
		1B7BD0F425DBEFD10019FDA9 /* simplecook */ = {
			isa = PBXNativeTarget;
			buildConfigurationList = 1B7BD10425DBEFD30019FDA9 /* Build configuration list for PBXNativeTarget "simplecook" */;
			buildPhases = (
				1B7BD0F125DBEFD10019FDA9 /* Sources */,
				1B7BD0F225DBEFD10019FDA9 /* Frameworks */,
				1B7BD0F325DBEFD10019FDA9 /* Resources */,
			);
			buildRules = (
			);
			dependencies = (
			);
			name = simplecook;
			packageProductDependencies = (
				1B74046C25DEC12100D37EDA /* iPages */,
				1B2C76E326034EC000C20322 /* SlidingTabView */,
			);
			productName = simplecook;
			productReference = 1B7BD0F525DBEFD10019FDA9 /* simplecook.app */;
			productType = "com.apple.product-type.application";
		};
/* End PBXNativeTarget section */

/* Begin PBXProject section */
		1B7BD0ED25DBEFD10019FDA9 /* Project object */ = {
			isa = PBXProject;
			attributes = {
				LastSwiftUpdateCheck = 1200;
				LastUpgradeCheck = 1200;
				TargetAttributes = {
					1B7BD0F425DBEFD10019FDA9 = {
						CreatedOnToolsVersion = 12.0.1;
					};
				};
			};
			buildConfigurationList = 1B7BD0F025DBEFD10019FDA9 /* Build configuration list for PBXProject "simplecook" */;
			compatibilityVersion = "Xcode 9.3";
			developmentRegion = en;
			hasScannedForEncodings = 0;
			knownRegions = (
				en,
				Base,
			);
			mainGroup = 1B7BD0EC25DBEFD10019FDA9;
			packageReferences = (
				1B74046B25DEC12100D37EDA /* XCRemoteSwiftPackageReference "iPages" */,
				1B2C76E226034EC000C20322 /* XCRemoteSwiftPackageReference "SlidingTabView" */,
			);
			productRefGroup = 1B7BD0F625DBEFD10019FDA9 /* Products */;
			projectDirPath = "";
			projectRoot = "";
			targets = (
				1B7BD0F425DBEFD10019FDA9 /* simplecook */,
			);
		};
/* End PBXProject section */

/* Begin PBXResourcesBuildPhase section */
		1B7BD0F325DBEFD10019FDA9 /* Resources */ = {
			isa = PBXResourcesBuildPhase;
			buildActionMask = 2147483647;
			files = (
				1B7BD10025DBEFD30019FDA9 /* Preview Assets.xcassets in Resources */,
				1B508D5825DD300C004AC0DC /* recipesData.json in Resources */,
				1B39933A25E51E2300131E5D /* shoppinglistData.json in Resources */,
				1BD347742600B5B900C764A5 /* dictData.json in Resources */,
				1B7BD0FD25DBEFD30019FDA9 /* Assets.xcassets in Resources */,
				1BD528FC25F68C0000E724E5 /* MyRecipesData.json in Resources */,
			);
			runOnlyForDeploymentPostprocessing = 0;
		};
/* End PBXResourcesBuildPhase section */

/* Begin PBXSourcesBuildPhase section */
		1B7BD0F125DBEFD10019FDA9 /* Sources */ = {
			isa = PBXSourcesBuildPhase;
			buildActionMask = 2147483647;
			files = (
				1BEADF2D260CBEC7000EDAE5 /* ViewController.swift in Sources */,
				1BD5290225F68FDD00E724E5 /* AddRecipe.swift in Sources */,
				1B60077325E7EE89002FC60D /* MethodImage.swift in Sources */,
				1BD528F925F687CA00E724E5 /* MyRecipes.swift in Sources */,
				1B023CA8260895BC001ADBC8 /* MyRecipeDetailView.swift in Sources */,
				1B7BD0FB25DBEFD10019FDA9 /* ContentView.swift in Sources */,
				1B74047025DEC25900D37EDA /* RecipeIngredients.swift in Sources */,
				1B91495025DD2E5C00B01F2B /* Recipe.swift in Sources */,
				1BA4D0FE25DFFEB800E926F3 /* CookingButton.swift in Sources */,
				1BD5290925F691FE00E724E5 /* AddRecipeButton.swift in Sources */,
				1B7B86492608821200B620FA /* MyRecipeModel.swift in Sources */,
				1B7B864C260886E800B620FA /* MyRecipeCard.swift in Sources */,
				1B023CA5260890C8001ADBC8 /* MyRecipeView.swift in Sources */,
				1B7082742600AF010017B7BA /* DictionaryView.swift in Sources */,
				1B39933D25E51E3700131E5D /* ShoppingList.swift in Sources */,
				1BA5E9F925EE6961003B23E4 /* CookingModeImage.swift in Sources */,
				1B0F4F6825EF966E00BE11E4 /* AddShoppingListButton.swift in Sources */,
				1BB2E0652604A5DB0074A4AB /* IngredientStepper.swift in Sources */,
				1BA4D10825E0182300E926F3 /* SearchBar.swift in Sources */,
				1B17AD982604CBDB00A72CE8 /* CookingModeButton.swift in Sources */,
				1B74046225DEB49B00D37EDA /* CategoryHome.swift in Sources */,
				1B5140952608B86D006A6495 /* MyRecipeData.swift in Sources */,
				1BD5290525F6917900E724E5 /* UploadImage.swift in Sources */,
				1B60076E25E7D7B6002FC60D /* RecipeMethod.swift in Sources */,
				1B73F4B025DDA7F1008E450C /* SaveButton.swift in Sources */,
				1BFABB4626148D7400554E4F /* NutritionView.swift in Sources */,
				1B06F4032611F222003A9FFB /* NutritionRow.swift in Sources */,
				1BD5290C25F6936500E724E5 /* ImagePicker.swift in Sources */,
				1B91494625DD297300B01F2B /* RecipeRow.swift in Sources */,
				1B7BD11225DD1CDB0019FDA9 /* ModelData.swift in Sources */,
				1B06F4062611F62A003A9FFB /* NutritionList.swift in Sources */,
				1B74046925DEB86700D37EDA /* CategoryItem.swift in Sources */,
				1B508D5E25DD76F1004AC0DC /* RecipeDetails.swift in Sources */,
				1B023CAB260899D8001ADBC8 /* EditRecipeView.swift in Sources */,
				1B39934025E520BD00131E5D /* ShopList.swift in Sources */,
				1B7BD0F925DBEFD10019FDA9 /* simplecookApp.swift in Sources */,
				1B73DA4825E3FD2300E5FDAC /* ShoppingRow.swift in Sources */,
				1B74046625DEB6CE00D37EDA /* CategoryRow.swift in Sources */,
				1B508D5B25DD7126004AC0DC /* RecipeList.swift in Sources */,
				1B0F4F5F25EF7D8000BE11E4 /* SearchBarImage.swift in Sources */,
				1B6EFE812609F93600D2ED98 /* TestView.swift in Sources */,
				1BA4D10125E013D400E926F3 /* Search.swift in Sources */,
				1BCDF1E225FBB54200E922F1 /* Dict.swift in Sources */,
				1B60076725E7AC9F002FC60D /* CookingMode.swift in Sources */,
				1B74047725DEE5B300D37EDA /* Checkbox.swift in Sources */,
				1B0AAD032602145F0096F8A8 /* TabPage.swift in Sources */,
				1BF2880A25E66E92005A992F /* CheckBox.swift in Sources */,
				1B2C76E726034EEE00C20322 /* SlidingTabView.swift in Sources */,
				1B0F4F6325EF89CA00BE11E4 /* RemoveItem.swift in Sources */,
				1BEBDC4925FA346B00F43948 /* CustomMethod.swift in Sources */,
				1BF2880725E66321005A992F /* CheckList.swift in Sources */,
				1BF2880325E650CF005A992F /* ShoppingImage.swift in Sources */,
			);
			runOnlyForDeploymentPostprocessing = 0;
		};
/* End PBXSourcesBuildPhase section */

/* Begin XCBuildConfiguration section */
		1B7BD10225DBEFD30019FDA9 /* Debug */ = {
			isa = XCBuildConfiguration;
			buildSettings = {
				ALWAYS_SEARCH_USER_PATHS = NO;
				CLANG_ANALYZER_NONNULL = YES;
				CLANG_ANALYZER_NUMBER_OBJECT_CONVERSION = YES_AGGRESSIVE;
				CLANG_CXX_LANGUAGE_STANDARD = "gnu++14";
				CLANG_CXX_LIBRARY = "libc++";
				CLANG_ENABLE_MODULES = YES;
				CLANG_ENABLE_OBJC_ARC = YES;
				CLANG_ENABLE_OBJC_WEAK = YES;
				CLANG_WARN_BLOCK_CAPTURE_AUTORELEASING = YES;
				CLANG_WARN_BOOL_CONVERSION = YES;
				CLANG_WARN_COMMA = YES;
				CLANG_WARN_CONSTANT_CONVERSION = YES;
				CLANG_WARN_DEPRECATED_OBJC_IMPLEMENTATIONS = YES;
				CLANG_WARN_DIRECT_OBJC_ISA_USAGE = YES_ERROR;
				CLANG_WARN_DOCUMENTATION_COMMENTS = YES;
				CLANG_WARN_EMPTY_BODY = YES;
				CLANG_WARN_ENUM_CONVERSION = YES;
				CLANG_WARN_INFINITE_RECURSION = YES;
				CLANG_WARN_INT_CONVERSION = YES;
				CLANG_WARN_NON_LITERAL_NULL_CONVERSION = YES;
				CLANG_WARN_OBJC_IMPLICIT_RETAIN_SELF = YES;
				CLANG_WARN_OBJC_LITERAL_CONVERSION = YES;
				CLANG_WARN_OBJC_ROOT_CLASS = YES_ERROR;
				CLANG_WARN_QUOTED_INCLUDE_IN_FRAMEWORK_HEADER = YES;
				CLANG_WARN_RANGE_LOOP_ANALYSIS = YES;
				CLANG_WARN_STRICT_PROTOTYPES = YES;
				CLANG_WARN_SUSPICIOUS_MOVE = YES;
				CLANG_WARN_UNGUARDED_AVAILABILITY = YES_AGGRESSIVE;
				CLANG_WARN_UNREACHABLE_CODE = YES;
				CLANG_WARN__DUPLICATE_METHOD_MATCH = YES;
				COPY_PHASE_STRIP = NO;
				DEBUG_INFORMATION_FORMAT = dwarf;
				ENABLE_STRICT_OBJC_MSGSEND = YES;
				ENABLE_TESTABILITY = YES;
				GCC_C_LANGUAGE_STANDARD = gnu11;
				GCC_DYNAMIC_NO_PIC = NO;
				GCC_NO_COMMON_BLOCKS = YES;
				GCC_OPTIMIZATION_LEVEL = 0;
				GCC_PREPROCESSOR_DEFINITIONS = (
					"DEBUG=1",
					"$(inherited)",
				);
				GCC_WARN_64_TO_32_BIT_CONVERSION = YES;
				GCC_WARN_ABOUT_RETURN_TYPE = YES_ERROR;
				GCC_WARN_UNDECLARED_SELECTOR = YES;
				GCC_WARN_UNINITIALIZED_AUTOS = YES_AGGRESSIVE;
				GCC_WARN_UNUSED_FUNCTION = YES;
				GCC_WARN_UNUSED_VARIABLE = YES;
				IPHONEOS_DEPLOYMENT_TARGET = 14.0;
				MTL_ENABLE_DEBUG_INFO = INCLUDE_SOURCE;
				MTL_FAST_MATH = YES;
				ONLY_ACTIVE_ARCH = YES;
				SDKROOT = iphoneos;
				SWIFT_ACTIVE_COMPILATION_CONDITIONS = DEBUG;
				SWIFT_OPTIMIZATION_LEVEL = "-Onone";
			};
			name = Debug;
		};
		1B7BD10325DBEFD30019FDA9 /* Release */ = {
			isa = XCBuildConfiguration;
			buildSettings = {
				ALWAYS_SEARCH_USER_PATHS = NO;
				CLANG_ANALYZER_NONNULL = YES;
				CLANG_ANALYZER_NUMBER_OBJECT_CONVERSION = YES_AGGRESSIVE;
				CLANG_CXX_LANGUAGE_STANDARD = "gnu++14";
				CLANG_CXX_LIBRARY = "libc++";
				CLANG_ENABLE_MODULES = YES;
				CLANG_ENABLE_OBJC_ARC = YES;
				CLANG_ENABLE_OBJC_WEAK = YES;
				CLANG_WARN_BLOCK_CAPTURE_AUTORELEASING = YES;
				CLANG_WARN_BOOL_CONVERSION = YES;
				CLANG_WARN_COMMA = YES;
				CLANG_WARN_CONSTANT_CONVERSION = YES;
				CLANG_WARN_DEPRECATED_OBJC_IMPLEMENTATIONS = YES;
				CLANG_WARN_DIRECT_OBJC_ISA_USAGE = YES_ERROR;
				CLANG_WARN_DOCUMENTATION_COMMENTS = YES;
				CLANG_WARN_EMPTY_BODY = YES;
				CLANG_WARN_ENUM_CONVERSION = YES;
				CLANG_WARN_INFINITE_RECURSION = YES;
				CLANG_WARN_INT_CONVERSION = YES;
				CLANG_WARN_NON_LITERAL_NULL_CONVERSION = YES;
				CLANG_WARN_OBJC_IMPLICIT_RETAIN_SELF = YES;
				CLANG_WARN_OBJC_LITERAL_CONVERSION = YES;
				CLANG_WARN_OBJC_ROOT_CLASS = YES_ERROR;
				CLANG_WARN_QUOTED_INCLUDE_IN_FRAMEWORK_HEADER = YES;
				CLANG_WARN_RANGE_LOOP_ANALYSIS = YES;
				CLANG_WARN_STRICT_PROTOTYPES = YES;
				CLANG_WARN_SUSPICIOUS_MOVE = YES;
				CLANG_WARN_UNGUARDED_AVAILABILITY = YES_AGGRESSIVE;
				CLANG_WARN_UNREACHABLE_CODE = YES;
				CLANG_WARN__DUPLICATE_METHOD_MATCH = YES;
				COPY_PHASE_STRIP = NO;
				DEBUG_INFORMATION_FORMAT = "dwarf-with-dsym";
				ENABLE_NS_ASSERTIONS = NO;
				ENABLE_STRICT_OBJC_MSGSEND = YES;
				GCC_C_LANGUAGE_STANDARD = gnu11;
				GCC_NO_COMMON_BLOCKS = YES;
				GCC_WARN_64_TO_32_BIT_CONVERSION = YES;
				GCC_WARN_ABOUT_RETURN_TYPE = YES_ERROR;
				GCC_WARN_UNDECLARED_SELECTOR = YES;
				GCC_WARN_UNINITIALIZED_AUTOS = YES_AGGRESSIVE;
				GCC_WARN_UNUSED_FUNCTION = YES;
				GCC_WARN_UNUSED_VARIABLE = YES;
				IPHONEOS_DEPLOYMENT_TARGET = 14.0;
				MTL_ENABLE_DEBUG_INFO = NO;
				MTL_FAST_MATH = YES;
				SDKROOT = iphoneos;
				SWIFT_COMPILATION_MODE = wholemodule;
				SWIFT_OPTIMIZATION_LEVEL = "-O";
				VALIDATE_PRODUCT = YES;
			};
			name = Release;
		};
		1B7BD10525DBEFD30019FDA9 /* Debug */ = {
			isa = XCBuildConfiguration;
			buildSettings = {
				ASSETCATALOG_COMPILER_APPICON_NAME = AppIcon;
				ASSETCATALOG_COMPILER_GLOBAL_ACCENT_COLOR_NAME = AccentColor;
				CODE_SIGN_STYLE = Automatic;
				DEVELOPMENT_ASSET_PATHS = "\"simplecook/Preview Content\"";
				DEVELOPMENT_TEAM = TUV6YU89D7;
				ENABLE_PREVIEWS = YES;
				INFOPLIST_FILE = simplecook/Info.plist;
				IPHONEOS_DEPLOYMENT_TARGET = 14.0;
				LD_RUNPATH_SEARCH_PATHS = (
					"$(inherited)",
					"@executable_path/Frameworks",
				);
				PRODUCT_BUNDLE_IDENTIFIER = thorneciosprojects.simplecook;
				PRODUCT_NAME = "$(TARGET_NAME)";
				SWIFT_VERSION = 5.0;
				TARGETED_DEVICE_FAMILY = "1,2";
			};
			name = Debug;
		};
		1B7BD10625DBEFD30019FDA9 /* Release */ = {
			isa = XCBuildConfiguration;
			buildSettings = {
				ASSETCATALOG_COMPILER_APPICON_NAME = AppIcon;
				ASSETCATALOG_COMPILER_GLOBAL_ACCENT_COLOR_NAME = AccentColor;
				CODE_SIGN_STYLE = Automatic;
				DEVELOPMENT_ASSET_PATHS = "\"simplecook/Preview Content\"";
				DEVELOPMENT_TEAM = TUV6YU89D7;
				ENABLE_PREVIEWS = YES;
				GCC_OPTIMIZATION_LEVEL = 0;
				INFOPLIST_FILE = simplecook/Info.plist;
				IPHONEOS_DEPLOYMENT_TARGET = 14.0;
				LD_RUNPATH_SEARCH_PATHS = (
					"$(inherited)",
					"@executable_path/Frameworks",
				);
				PRODUCT_BUNDLE_IDENTIFIER = thorneciosprojects.simplecook;
				PRODUCT_NAME = "$(TARGET_NAME)";
				SWIFT_OPTIMIZATION_LEVEL = "-Onone";
				SWIFT_VERSION = 5.0;
				TARGETED_DEVICE_FAMILY = "1,2";
			};
			name = Release;
		};
/* End XCBuildConfiguration section */

/* Begin XCConfigurationList section */
		1B7BD0F025DBEFD10019FDA9 /* Build configuration list for PBXProject "simplecook" */ = {
			isa = XCConfigurationList;
			buildConfigurations = (
				1B7BD10225DBEFD30019FDA9 /* Debug */,
				1B7BD10325DBEFD30019FDA9 /* Release */,
			);
			defaultConfigurationIsVisible = 0;
			defaultConfigurationName = Release;
		};
		1B7BD10425DBEFD30019FDA9 /* Build configuration list for PBXNativeTarget "simplecook" */ = {
			isa = XCConfigurationList;
			buildConfigurations = (
				1B7BD10525DBEFD30019FDA9 /* Debug */,
				1B7BD10625DBEFD30019FDA9 /* Release */,
			);
			defaultConfigurationIsVisible = 0;
			defaultConfigurationName = Release;
		};
/* End XCConfigurationList section */

/* Begin XCRemoteSwiftPackageReference section */
		1B2C76E226034EC000C20322 /* XCRemoteSwiftPackageReference "SlidingTabView" */ = {
			isa = XCRemoteSwiftPackageReference;
			repositoryURL = "https://github.com/QuynhNguyen/SlidingTabView";
			requirement = {
				kind = upToNextMajorVersion;
				minimumVersion = 1.0.2;
			};
		};
		1B74046B25DEC12100D37EDA /* XCRemoteSwiftPackageReference "iPages" */ = {
			isa = XCRemoteSwiftPackageReference;
			repositoryURL = "https://github.com/benjaminsage/iPages.git";
			requirement = {
				kind = upToNextMajorVersion;
				minimumVersion = 0.0.13;
			};
		};
/* End XCRemoteSwiftPackageReference section */

/* Begin XCSwiftPackageProductDependency section */
		1B2C76E326034EC000C20322 /* SlidingTabView */ = {
			isa = XCSwiftPackageProductDependency;
			package = 1B2C76E226034EC000C20322 /* XCRemoteSwiftPackageReference "SlidingTabView" */;
			productName = SlidingTabView;
		};
		1B74046C25DEC12100D37EDA /* iPages */ = {
			isa = XCSwiftPackageProductDependency;
			package = 1B74046B25DEC12100D37EDA /* XCRemoteSwiftPackageReference "iPages" */;
			productName = iPages;
		};
/* End XCSwiftPackageProductDependency section */
	};
	rootObject = 1B7BD0ED25DBEFD10019FDA9 /* Project object */;
}
