// !$*UTF8*$!
{
	archiveVersion = 1;
	classes = {
	};
	objectVersion = 52;
	objects = {

/* Begin PBXBuildFile section */
		1B508D5825DD300C004AC0DC /* recipesData.json in Resources */ = {isa = PBXBuildFile; fileRef = 1B508D5725DD300C004AC0DC /* recipesData.json */; };
		1B508D5B25DD7126004AC0DC /* RecipeList.swift in Sources */ = {isa = PBXBuildFile; fileRef = 1B508D5A25DD7126004AC0DC /* RecipeList.swift */; };
		1B508D5E25DD76F1004AC0DC /* RecipeDetails.swift in Sources */ = {isa = PBXBuildFile; fileRef = 1B508D5D25DD76F1004AC0DC /* RecipeDetails.swift */; };
		1B73F4B025DDA7F1008E450C /* SaveButton.swift in Sources */ = {isa = PBXBuildFile; fileRef = 1B73F4AF25DDA7F1008E450C /* SaveButton.swift */; };
		1B74046225DEB49B00D37EDA /* CategoryHome.swift in Sources */ = {isa = PBXBuildFile; fileRef = 1B74046125DEB49B00D37EDA /* CategoryHome.swift */; };
		1B74046625DEB6CE00D37EDA /* CategoryRow.swift in Sources */ = {isa = PBXBuildFile; fileRef = 1B74046525DEB6CE00D37EDA /* CategoryRow.swift */; };
		1B74046925DEB86700D37EDA /* CategoryItem.swift in Sources */ = {isa = PBXBuildFile; fileRef = 1B74046825DEB86700D37EDA /* CategoryItem.swift */; };
		1B74046D25DEC12100D37EDA /* iPages in Frameworks */ = {isa = PBXBuildFile; productRef = 1B74046C25DEC12100D37EDA /* iPages */; };
		1B74047025DEC25900D37EDA /* RecipeIngredients.swift in Sources */ = {isa = PBXBuildFile; fileRef = 1B74046F25DEC25900D37EDA /* RecipeIngredients.swift */; };
		1B74047725DEE5B300D37EDA /* Checkbox.swift in Sources */ = {isa = PBXBuildFile; fileRef = 1B74047625DEE5B300D37EDA /* Checkbox.swift */; };
		1B7BD0F925DBEFD10019FDA9 /* simplecookApp.swift in Sources */ = {isa = PBXBuildFile; fileRef = 1B7BD0F825DBEFD10019FDA9 /* simplecookApp.swift */; };
		1B7BD0FB25DBEFD10019FDA9 /* ContentView.swift in Sources */ = {isa = PBXBuildFile; fileRef = 1B7BD0FA25DBEFD10019FDA9 /* ContentView.swift */; };
		1B7BD0FD25DBEFD30019FDA9 /* Assets.xcassets in Resources */ = {isa = PBXBuildFile; fileRef = 1B7BD0FC25DBEFD30019FDA9 /* Assets.xcassets */; };
		1B7BD10025DBEFD30019FDA9 /* Preview Assets.xcassets in Resources */ = {isa = PBXBuildFile; fileRef = 1B7BD0FF25DBEFD30019FDA9 /* Preview Assets.xcassets */; };
		1B7BD10925DBF47E0019FDA9 /* RecipeImage.swift in Sources */ = {isa = PBXBuildFile; fileRef = 1B7BD10825DBF47E0019FDA9 /* RecipeImage.swift */; };
		1B7BD11225DD1CDB0019FDA9 /* ModelData.swift in Sources */ = {isa = PBXBuildFile; fileRef = 1B7BD11125DD1CDB0019FDA9 /* ModelData.swift */; };
		1B91494225DD267A00B01F2B /* recipes.json in Resources */ = {isa = PBXBuildFile; fileRef = 1B91494125DD267A00B01F2B /* recipes.json */; };
		1B91494625DD297300B01F2B /* RecipeRow.swift in Sources */ = {isa = PBXBuildFile; fileRef = 1B91494525DD297300B01F2B /* RecipeRow.swift */; };
		1B91494925DD29D400B01F2B /* landmarkData.json in Resources */ = {isa = PBXBuildFile; fileRef = 1B91494825DD29D400B01F2B /* landmarkData.json */; };
		1B91494C25DD2A0E00B01F2B /* Landmark.swift in Sources */ = {isa = PBXBuildFile; fileRef = 1B91494B25DD2A0E00B01F2B /* Landmark.swift */; };
		1B91495025DD2E5C00B01F2B /* Recipe.swift in Sources */ = {isa = PBXBuildFile; fileRef = 1B91494F25DD2E5C00B01F2B /* Recipe.swift */; };
		1BA4D0FE25DFFEB800E926F3 /* CookingButton.swift in Sources */ = {isa = PBXBuildFile; fileRef = 1BA4D0FD25DFFEB800E926F3 /* CookingButton.swift */; };
		1BA4D10125E013D400E926F3 /* Search.swift in Sources */ = {isa = PBXBuildFile; fileRef = 1BA4D10025E013D400E926F3 /* Search.swift */; };
		1BA4D10825E0182300E926F3 /* SearchBar.swift in Sources */ = {isa = PBXBuildFile; fileRef = 1BA4D10725E0182300E926F3 /* SearchBar.swift */; };
/* End PBXBuildFile section */

/* Begin PBXFileReference section */
		1B508D5725DD300C004AC0DC /* recipesData.json */ = {isa = PBXFileReference; fileEncoding = 4; lastKnownFileType = text.json; path = recipesData.json; sourceTree = "<group>"; };
		1B508D5A25DD7126004AC0DC /* RecipeList.swift */ = {isa = PBXFileReference; lastKnownFileType = sourcecode.swift; path = RecipeList.swift; sourceTree = "<group>"; };
		1B508D5D25DD76F1004AC0DC /* RecipeDetails.swift */ = {isa = PBXFileReference; lastKnownFileType = sourcecode.swift; path = RecipeDetails.swift; sourceTree = "<group>"; };
		1B73F4AF25DDA7F1008E450C /* SaveButton.swift */ = {isa = PBXFileReference; lastKnownFileType = sourcecode.swift; path = SaveButton.swift; sourceTree = "<group>"; };
		1B74046125DEB49B00D37EDA /* CategoryHome.swift */ = {isa = PBXFileReference; lastKnownFileType = sourcecode.swift; path = CategoryHome.swift; sourceTree = "<group>"; };
		1B74046525DEB6CE00D37EDA /* CategoryRow.swift */ = {isa = PBXFileReference; lastKnownFileType = sourcecode.swift; path = CategoryRow.swift; sourceTree = "<group>"; };
		1B74046825DEB86700D37EDA /* CategoryItem.swift */ = {isa = PBXFileReference; lastKnownFileType = sourcecode.swift; path = CategoryItem.swift; sourceTree = "<group>"; };
		1B74046F25DEC25900D37EDA /* RecipeIngredients.swift */ = {isa = PBXFileReference; lastKnownFileType = sourcecode.swift; path = RecipeIngredients.swift; sourceTree = "<group>"; };
		1B74047625DEE5B300D37EDA /* Checkbox.swift */ = {isa = PBXFileReference; lastKnownFileType = sourcecode.swift; path = Checkbox.swift; sourceTree = "<group>"; };
		1B7BD0F525DBEFD10019FDA9 /* simplecook.app */ = {isa = PBXFileReference; explicitFileType = wrapper.application; includeInIndex = 0; path = simplecook.app; sourceTree = BUILT_PRODUCTS_DIR; };
		1B7BD0F825DBEFD10019FDA9 /* simplecookApp.swift */ = {isa = PBXFileReference; lastKnownFileType = sourcecode.swift; path = simplecookApp.swift; sourceTree = "<group>"; };
		1B7BD0FA25DBEFD10019FDA9 /* ContentView.swift */ = {isa = PBXFileReference; lastKnownFileType = sourcecode.swift; path = ContentView.swift; sourceTree = "<group>"; };
		1B7BD0FC25DBEFD30019FDA9 /* Assets.xcassets */ = {isa = PBXFileReference; lastKnownFileType = folder.assetcatalog; path = Assets.xcassets; sourceTree = "<group>"; };
		1B7BD0FF25DBEFD30019FDA9 /* Preview Assets.xcassets */ = {isa = PBXFileReference; lastKnownFileType = folder.assetcatalog; path = "Preview Assets.xcassets"; sourceTree = "<group>"; };
		1B7BD10125DBEFD30019FDA9 /* Info.plist */ = {isa = PBXFileReference; lastKnownFileType = text.plist.xml; path = Info.plist; sourceTree = "<group>"; };
		1B7BD10825DBF47E0019FDA9 /* RecipeImage.swift */ = {isa = PBXFileReference; lastKnownFileType = sourcecode.swift; path = RecipeImage.swift; sourceTree = "<group>"; };
		1B7BD11125DD1CDB0019FDA9 /* ModelData.swift */ = {isa = PBXFileReference; lastKnownFileType = sourcecode.swift; path = ModelData.swift; sourceTree = "<group>"; };
		1B91494125DD267A00B01F2B /* recipes.json */ = {isa = PBXFileReference; fileEncoding = 4; lastKnownFileType = text.json; path = recipes.json; sourceTree = "<group>"; };
		1B91494525DD297300B01F2B /* RecipeRow.swift */ = {isa = PBXFileReference; lastKnownFileType = sourcecode.swift; path = RecipeRow.swift; sourceTree = "<group>"; };
		1B91494825DD29D400B01F2B /* landmarkData.json */ = {isa = PBXFileReference; fileEncoding = 4; lastKnownFileType = text.json; path = landmarkData.json; sourceTree = "<group>"; };
		1B91494B25DD2A0E00B01F2B /* Landmark.swift */ = {isa = PBXFileReference; lastKnownFileType = sourcecode.swift; path = Landmark.swift; sourceTree = "<group>"; };
		1B91494F25DD2E5C00B01F2B /* Recipe.swift */ = {isa = PBXFileReference; lastKnownFileType = sourcecode.swift; path = Recipe.swift; sourceTree = "<group>"; };
		1BA4D0FD25DFFEB800E926F3 /* CookingButton.swift */ = {isa = PBXFileReference; lastKnownFileType = sourcecode.swift; path = CookingButton.swift; sourceTree = "<group>"; };
		1BA4D10025E013D400E926F3 /* Search.swift */ = {isa = PBXFileReference; lastKnownFileType = sourcecode.swift; path = Search.swift; sourceTree = "<group>"; };
		1BA4D10725E0182300E926F3 /* SearchBar.swift */ = {isa = PBXFileReference; lastKnownFileType = sourcecode.swift; path = SearchBar.swift; sourceTree = "<group>"; };
/* End PBXFileReference section */

/* Begin PBXFrameworksBuildPhase section */
		1B7BD0F225DBEFD10019FDA9 /* Frameworks */ = {
			isa = PBXFrameworksBuildPhase;
			buildActionMask = 2147483647;
			files = (
				1B74046D25DEC12100D37EDA /* iPages in Frameworks */,
			);
			runOnlyForDeploymentPostprocessing = 0;
		};
/* End PBXFrameworksBuildPhase section */

/* Begin PBXGroup section */
		1B73F4B225DDA8EF008E450C /* Helpers */ = {
			isa = PBXGroup;
			children = (
				1B73F4AF25DDA7F1008E450C /* SaveButton.swift */,
				1B7BD10825DBF47E0019FDA9 /* RecipeImage.swift */,
				1B74047625DEE5B300D37EDA /* Checkbox.swift */,
				1BA4D0FD25DFFEB800E926F3 /* CookingButton.swift */,
				1BA4D10025E013D400E926F3 /* Search.swift */,
				1BA4D10725E0182300E926F3 /* SearchBar.swift */,
			);
			path = Helpers;
			sourceTree = "<group>";
		};
		1B73F4B325DDA90C008E450C /* Recipes */ = {
			isa = PBXGroup;
			children = (
				1B91494525DD297300B01F2B /* RecipeRow.swift */,
				1B74046F25DEC25900D37EDA /* RecipeIngredients.swift */,
				1B508D5D25DD76F1004AC0DC /* RecipeDetails.swift */,
				1B508D5A25DD7126004AC0DC /* RecipeList.swift */,
				1B7BD0FA25DBEFD10019FDA9 /* ContentView.swift */,
			);
			path = Recipes;
			sourceTree = "<group>";
		};
		1B74046025DEB48300D37EDA /* Category */ = {
			isa = PBXGroup;
			children = (
				1B74046125DEB49B00D37EDA /* CategoryHome.swift */,
				1B74046525DEB6CE00D37EDA /* CategoryRow.swift */,
				1B74046825DEB86700D37EDA /* CategoryItem.swift */,
			);
			path = Category;
			sourceTree = "<group>";
		};
		1B7BD0EC25DBEFD10019FDA9 = {
			isa = PBXGroup;
			children = (
				1B7BD0F725DBEFD10019FDA9 /* simplecook */,
				1B7BD0F625DBEFD10019FDA9 /* Products */,
			);
			sourceTree = "<group>";
		};
		1B7BD0F625DBEFD10019FDA9 /* Products */ = {
			isa = PBXGroup;
			children = (
				1B7BD0F525DBEFD10019FDA9 /* simplecook.app */,
			);
			name = Products;
			sourceTree = "<group>";
		};
		1B7BD0F725DBEFD10019FDA9 /* simplecook */ = {
			isa = PBXGroup;
			children = (
				1B7BD0F825DBEFD10019FDA9 /* simplecookApp.swift */,
				1B7BD11525DD1DB70019FDA9 /* Model */,
				1B7BD11425DD1D970019FDA9 /* Views */,
				1B7BD11625DD1DCD0019FDA9 /* Resources */,
				1B7BD0FC25DBEFD30019FDA9 /* Assets.xcassets */,
				1B7BD10125DBEFD30019FDA9 /* Info.plist */,
				1B7BD0FE25DBEFD30019FDA9 /* Preview Content */,
			);
			path = simplecook;
			sourceTree = "<group>";
		};
		1B7BD0FE25DBEFD30019FDA9 /* Preview Content */ = {
			isa = PBXGroup;
			children = (
				1B7BD0FF25DBEFD30019FDA9 /* Preview Assets.xcassets */,
			);
			path = "Preview Content";
			sourceTree = "<group>";
		};
		1B7BD11425DD1D970019FDA9 /* Views */ = {
			isa = PBXGroup;
			children = (
				1B74046025DEB48300D37EDA /* Category */,
				1B73F4B325DDA90C008E450C /* Recipes */,
				1B73F4B225DDA8EF008E450C /* Helpers */,
			);
			path = Views;
			sourceTree = "<group>";
		};
		1B7BD11525DD1DB70019FDA9 /* Model */ = {
			isa = PBXGroup;
			children = (
				1B7BD11125DD1CDB0019FDA9 /* ModelData.swift */,
				1B91494F25DD2E5C00B01F2B /* Recipe.swift */,
				1B91494B25DD2A0E00B01F2B /* Landmark.swift */,
			);
			path = Model;
			sourceTree = "<group>";
		};
		1B7BD11625DD1DCD0019FDA9 /* Resources */ = {
			isa = PBXGroup;
			children = (
				1B508D5725DD300C004AC0DC /* recipesData.json */,
				1B91494825DD29D400B01F2B /* landmarkData.json */,
				1B91494125DD267A00B01F2B /* recipes.json */,
			);
			path = Resources;
			sourceTree = "<group>";
		};
/* End PBXGroup section */

/* Begin PBXNativeTarget section */
		1B7BD0F425DBEFD10019FDA9 /* simplecook */ = {
			isa = PBXNativeTarget;
			buildConfigurationList = 1B7BD10425DBEFD30019FDA9 /* Build configuration list for PBXNativeTarget "simplecook" */;
			buildPhases = (
				1B7BD0F125DBEFD10019FDA9 /* Sources */,
				1B7BD0F225DBEFD10019FDA9 /* Frameworks */,
				1B7BD0F325DBEFD10019FDA9 /* Resources */,
			);
			buildRules = (
			);
			dependencies = (
			);
			name = simplecook;
			packageProductDependencies = (
				1B74046C25DEC12100D37EDA /* iPages */,
			);
			productName = simplecook;
			productReference = 1B7BD0F525DBEFD10019FDA9 /* simplecook.app */;
			productType = "com.apple.product-type.application";
		};
/* End PBXNativeTarget section */

/* Begin PBXProject section */
		1B7BD0ED25DBEFD10019FDA9 /* Project object */ = {
			isa = PBXProject;
			attributes = {
				LastSwiftUpdateCheck = 1200;
				LastUpgradeCheck = 1200;
				TargetAttributes = {
					1B7BD0F425DBEFD10019FDA9 = {
						CreatedOnToolsVersion = 12.0.1;
					};
				};
			};
			buildConfigurationList = 1B7BD0F025DBEFD10019FDA9 /* Build configuration list for PBXProject "simplecook" */;
			compatibilityVersion = "Xcode 9.3";
			developmentRegion = en;
			hasScannedForEncodings = 0;
			knownRegions = (
				en,
				Base,
			);
			mainGroup = 1B7BD0EC25DBEFD10019FDA9;
			packageReferences = (
				1B74046B25DEC12100D37EDA /* XCRemoteSwiftPackageReference "iPages" */,
			);
			productRefGroup = 1B7BD0F625DBEFD10019FDA9 /* Products */;
			projectDirPath = "";
			projectRoot = "";
			targets = (
				1B7BD0F425DBEFD10019FDA9 /* simplecook */,
			);
		};
/* End PBXProject section */

/* Begin PBXResourcesBuildPhase section */
		1B7BD0F325DBEFD10019FDA9 /* Resources */ = {
			isa = PBXResourcesBuildPhase;
			buildActionMask = 2147483647;
			files = (
				1B7BD10025DBEFD30019FDA9 /* Preview Assets.xcassets in Resources */,
				1B508D5825DD300C004AC0DC /* recipesData.json in Resources */,
				1B91494925DD29D400B01F2B /* landmarkData.json in Resources */,
				1B91494225DD267A00B01F2B /* recipes.json in Resources */,
				1B7BD0FD25DBEFD30019FDA9 /* Assets.xcassets in Resources */,
			);
			runOnlyForDeploymentPostprocessing = 0;
		};
/* End PBXResourcesBuildPhase section */

/* Begin PBXSourcesBuildPhase section */
		1B7BD0F125DBEFD10019FDA9 /* Sources */ = {
			isa = PBXSourcesBuildPhase;
			buildActionMask = 2147483647;
			files = (
				1B91494C25DD2A0E00B01F2B /* Landmark.swift in Sources */,
				1B7BD0FB25DBEFD10019FDA9 /* ContentView.swift in Sources */,
				1B74047025DEC25900D37EDA /* RecipeIngredients.swift in Sources */,
				1B91495025DD2E5C00B01F2B /* Recipe.swift in Sources */,
				1BA4D0FE25DFFEB800E926F3 /* CookingButton.swift in Sources */,
				1BA4D10825E0182300E926F3 /* SearchBar.swift in Sources */,
				1B7BD10925DBF47E0019FDA9 /* RecipeImage.swift in Sources */,
				1B74046225DEB49B00D37EDA /* CategoryHome.swift in Sources */,
				1B73F4B025DDA7F1008E450C /* SaveButton.swift in Sources */,
				1B91494625DD297300B01F2B /* RecipeRow.swift in Sources */,
				1B7BD11225DD1CDB0019FDA9 /* ModelData.swift in Sources */,
				1B74046925DEB86700D37EDA /* CategoryItem.swift in Sources */,
				1B508D5E25DD76F1004AC0DC /* RecipeDetails.swift in Sources */,
				1B7BD0F925DBEFD10019FDA9 /* simplecookApp.swift in Sources */,
				1B74046625DEB6CE00D37EDA /* CategoryRow.swift in Sources */,
				1B508D5B25DD7126004AC0DC /* RecipeList.swift in Sources */,
				1BA4D10125E013D400E926F3 /* Search.swift in Sources */,
				1B74047725DEE5B300D37EDA /* Checkbox.swift in Sources */,
			);
			runOnlyForDeploymentPostprocessing = 0;
		};
/* End PBXSourcesBuildPhase section */

/* Begin XCBuildConfiguration section */
		1B7BD10225DBEFD30019FDA9 /* Debug */ = {
			isa = XCBuildConfiguration;
			buildSettings = {
				ALWAYS_SEARCH_USER_PATHS = NO;
				CLANG_ANALYZER_NONNULL = YES;
				CLANG_ANALYZER_NUMBER_OBJECT_CONVERSION = YES_AGGRESSIVE;
				CLANG_CXX_LANGUAGE_STANDARD = "gnu++14";
				CLANG_CXX_LIBRARY = "libc++";
				CLANG_ENABLE_MODULES = YES;
				CLANG_ENABLE_OBJC_ARC = YES;
				CLANG_ENABLE_OBJC_WEAK = YES;
				CLANG_WARN_BLOCK_CAPTURE_AUTORELEASING = YES;
				CLANG_WARN_BOOL_CONVERSION = YES;
				CLANG_WARN_COMMA = YES;
				CLANG_WARN_CONSTANT_CONVERSION = YES;
				CLANG_WARN_DEPRECATED_OBJC_IMPLEMENTATIONS = YES;
				CLANG_WARN_DIRECT_OBJC_ISA_USAGE = YES_ERROR;
				CLANG_WARN_DOCUMENTATION_COMMENTS = YES;
				CLANG_WARN_EMPTY_BODY = YES;
				CLANG_WARN_ENUM_CONVERSION = YES;
				CLANG_WARN_INFINITE_RECURSION = YES;
				CLANG_WARN_INT_CONVERSION = YES;
				CLANG_WARN_NON_LITERAL_NULL_CONVERSION = YES;
				CLANG_WARN_OBJC_IMPLICIT_RETAIN_SELF = YES;
				CLANG_WARN_OBJC_LITERAL_CONVERSION = YES;
				CLANG_WARN_OBJC_ROOT_CLASS = YES_ERROR;
				CLANG_WARN_QUOTED_INCLUDE_IN_FRAMEWORK_HEADER = YES;
				CLANG_WARN_RANGE_LOOP_ANALYSIS = YES;
				CLANG_WARN_STRICT_PROTOTYPES = YES;
				CLANG_WARN_SUSPICIOUS_MOVE = YES;
				CLANG_WARN_UNGUARDED_AVAILABILITY = YES_AGGRESSIVE;
				CLANG_WARN_UNREACHABLE_CODE = YES;
				CLANG_WARN__DUPLICATE_METHOD_MATCH = YES;
				COPY_PHASE_STRIP = NO;
				DEBUG_INFORMATION_FORMAT = dwarf;
				ENABLE_STRICT_OBJC_MSGSEND = YES;
				ENABLE_TESTABILITY = YES;
				GCC_C_LANGUAGE_STANDARD = gnu11;
				GCC_DYNAMIC_NO_PIC = NO;
				GCC_NO_COMMON_BLOCKS = YES;
				GCC_OPTIMIZATION_LEVEL = 0;
				GCC_PREPROCESSOR_DEFINITIONS = (
					"DEBUG=1",
					"$(inherited)",
				);
				GCC_WARN_64_TO_32_BIT_CONVERSION = YES;
				GCC_WARN_ABOUT_RETURN_TYPE = YES_ERROR;
				GCC_WARN_UNDECLARED_SELECTOR = YES;
				GCC_WARN_UNINITIALIZED_AUTOS = YES_AGGRESSIVE;
				GCC_WARN_UNUSED_FUNCTION = YES;
				GCC_WARN_UNUSED_VARIABLE = YES;
				IPHONEOS_DEPLOYMENT_TARGET = 14.0;
				MTL_ENABLE_DEBUG_INFO = INCLUDE_SOURCE;
				MTL_FAST_MATH = YES;
				ONLY_ACTIVE_ARCH = YES;
				SDKROOT = iphoneos;
				SWIFT_ACTIVE_COMPILATION_CONDITIONS = DEBUG;
				SWIFT_OPTIMIZATION_LEVEL = "-Onone";
			};
			name = Debug;
		};
		1B7BD10325DBEFD30019FDA9 /* Release */ = {
			isa = XCBuildConfiguration;
			buildSettings = {
				ALWAYS_SEARCH_USER_PATHS = NO;
				CLANG_ANALYZER_NONNULL = YES;
				CLANG_ANALYZER_NUMBER_OBJECT_CONVERSION = YES_AGGRESSIVE;
				CLANG_CXX_LANGUAGE_STANDARD = "gnu++14";
				CLANG_CXX_LIBRARY = "libc++";
				CLANG_ENABLE_MODULES = YES;
				CLANG_ENABLE_OBJC_ARC = YES;
				CLANG_ENABLE_OBJC_WEAK = YES;
				CLANG_WARN_BLOCK_CAPTURE_AUTORELEASING = YES;
				CLANG_WARN_BOOL_CONVERSION = YES;
				CLANG_WARN_COMMA = YES;
				CLANG_WARN_CONSTANT_CONVERSION = YES;
				CLANG_WARN_DEPRECATED_OBJC_IMPLEMENTATIONS = YES;
				CLANG_WARN_DIRECT_OBJC_ISA_USAGE = YES_ERROR;
				CLANG_WARN_DOCUMENTATION_COMMENTS = YES;
				CLANG_WARN_EMPTY_BODY = YES;
				CLANG_WARN_ENUM_CONVERSION = YES;
				CLANG_WARN_INFINITE_RECURSION = YES;
				CLANG_WARN_INT_CONVERSION = YES;
				CLANG_WARN_NON_LITERAL_NULL_CONVERSION = YES;
				CLANG_WARN_OBJC_IMPLICIT_RETAIN_SELF = YES;
				CLANG_WARN_OBJC_LITERAL_CONVERSION = YES;
				CLANG_WARN_OBJC_ROOT_CLASS = YES_ERROR;
				CLANG_WARN_QUOTED_INCLUDE_IN_FRAMEWORK_HEADER = YES;
				CLANG_WARN_RANGE_LOOP_ANALYSIS = YES;
				CLANG_WARN_STRICT_PROTOTYPES = YES;
				CLANG_WARN_SUSPICIOUS_MOVE = YES;
				CLANG_WARN_UNGUARDED_AVAILABILITY = YES_AGGRESSIVE;
				CLANG_WARN_UNREACHABLE_CODE = YES;
				CLANG_WARN__DUPLICATE_METHOD_MATCH = YES;
				COPY_PHASE_STRIP = NO;
				DEBUG_INFORMATION_FORMAT = "dwarf-with-dsym";
				ENABLE_NS_ASSERTIONS = NO;
				ENABLE_STRICT_OBJC_MSGSEND = YES;
				GCC_C_LANGUAGE_STANDARD = gnu11;
				GCC_NO_COMMON_BLOCKS = YES;
				GCC_WARN_64_TO_32_BIT_CONVERSION = YES;
				GCC_WARN_ABOUT_RETURN_TYPE = YES_ERROR;
				GCC_WARN_UNDECLARED_SELECTOR = YES;
				GCC_WARN_UNINITIALIZED_AUTOS = YES_AGGRESSIVE;
				GCC_WARN_UNUSED_FUNCTION = YES;
				GCC_WARN_UNUSED_VARIABLE = YES;
				IPHONEOS_DEPLOYMENT_TARGET = 14.0;
				MTL_ENABLE_DEBUG_INFO = NO;
				MTL_FAST_MATH = YES;
				SDKROOT = iphoneos;
				SWIFT_COMPILATION_MODE = wholemodule;
				SWIFT_OPTIMIZATION_LEVEL = "-O";
				VALIDATE_PRODUCT = YES;
			};
			name = Release;
		};
		1B7BD10525DBEFD30019FDA9 /* Debug */ = {
			isa = XCBuildConfiguration;
			buildSettings = {
				ASSETCATALOG_COMPILER_APPICON_NAME = AppIcon;
				ASSETCATALOG_COMPILER_GLOBAL_ACCENT_COLOR_NAME = AccentColor;
				CODE_SIGN_STYLE = Automatic;
				DEVELOPMENT_ASSET_PATHS = "\"simplecook/Preview Content\"";
				ENABLE_PREVIEWS = YES;
				INFOPLIST_FILE = simplecook/Info.plist;
				IPHONEOS_DEPLOYMENT_TARGET = 14.0;
				LD_RUNPATH_SEARCH_PATHS = (
					"$(inherited)",
					"@executable_path/Frameworks",
				);
				PRODUCT_BUNDLE_IDENTIFIER = thorneciosprojects.simplecook;
				PRODUCT_NAME = "$(TARGET_NAME)";
				SWIFT_VERSION = 5.0;
				TARGETED_DEVICE_FAMILY = "1,2";
			};
			name = Debug;
		};
		1B7BD10625DBEFD30019FDA9 /* Release */ = {
			isa = XCBuildConfiguration;
			buildSettings = {
				ASSETCATALOG_COMPILER_APPICON_NAME = AppIcon;
				ASSETCATALOG_COMPILER_GLOBAL_ACCENT_COLOR_NAME = AccentColor;
				CODE_SIGN_STYLE = Automatic;
				DEVELOPMENT_ASSET_PATHS = "\"simplecook/Preview Content\"";
				ENABLE_PREVIEWS = YES;
				INFOPLIST_FILE = simplecook/Info.plist;
				IPHONEOS_DEPLOYMENT_TARGET = 14.0;
				LD_RUNPATH_SEARCH_PATHS = (
					"$(inherited)",
					"@executable_path/Frameworks",
				);
				PRODUCT_BUNDLE_IDENTIFIER = thorneciosprojects.simplecook;
				PRODUCT_NAME = "$(TARGET_NAME)";
				SWIFT_VERSION = 5.0;
				TARGETED_DEVICE_FAMILY = "1,2";
			};
			name = Release;
		};
/* End XCBuildConfiguration section */

/* Begin XCConfigurationList section */
		1B7BD0F025DBEFD10019FDA9 /* Build configuration list for PBXProject "simplecook" */ = {
			isa = XCConfigurationList;
			buildConfigurations = (
				1B7BD10225DBEFD30019FDA9 /* Debug */,
				1B7BD10325DBEFD30019FDA9 /* Release */,
			);
			defaultConfigurationIsVisible = 0;
			defaultConfigurationName = Release;
		};
		1B7BD10425DBEFD30019FDA9 /* Build configuration list for PBXNativeTarget "simplecook" */ = {
			isa = XCConfigurationList;
			buildConfigurations = (
				1B7BD10525DBEFD30019FDA9 /* Debug */,
				1B7BD10625DBEFD30019FDA9 /* Release */,
			);
			defaultConfigurationIsVisible = 0;
			defaultConfigurationName = Release;
		};
/* End XCConfigurationList section */

/* Begin XCRemoteSwiftPackageReference section */
		1B74046B25DEC12100D37EDA /* XCRemoteSwiftPackageReference "iPages" */ = {
			isa = XCRemoteSwiftPackageReference;
			repositoryURL = "https://github.com/benjaminsage/iPages.git";
			requirement = {
				kind = upToNextMajorVersion;
				minimumVersion = 0.0.13;
			};
		};
/* End XCRemoteSwiftPackageReference section */

/* Begin XCSwiftPackageProductDependency section */
		1B74046C25DEC12100D37EDA /* iPages */ = {
			isa = XCSwiftPackageProductDependency;
			package = 1B74046B25DEC12100D37EDA /* XCRemoteSwiftPackageReference "iPages" */;
			productName = iPages;
		};
/* End XCSwiftPackageProductDependency section */
	};
	rootObject = 1B7BD0ED25DBEFD10019FDA9 /* Project object */;
}
